
Microsoft Visual Studio Solution File, Format Version 12.00
# Visual Studio Version 16
VisualStudioVersion = 16.0.31729.503
MinimumVisualStudioVersion = 10.0.40219.1
Project("{9A19103F-16F7-4668-BE54-9A1E7A4F7556}") = "KariyerNet.API", "KariyerNet.API\KariyerNet.API.csproj", "{DE92487C-F5F2-4FA8-9000-E156AE879302}"
EndProject
Project("{9A19103F-16F7-4668-BE54-9A1E7A4F7556}") = "KariyerNet.Core", "KariyerNet.Core\KariyerNet.Core.csproj", "{15027E0E-E250-483A-BE81-A6A8167DCA99}"
EndProject
Project("{9A19103F-16F7-4668-BE54-9A1E7A4F7556}") = "KariyerNet.Data", "KariyerNet.Data\KariyerNet.Data.csproj", "{1BBFCAA1-1D07-4ED4-85A1-6A597724C5D0}"
EndProject
Project("{9A19103F-16F7-4668-BE54-9A1E7A4F7556}") = "KariyerNet.Business", "KariyerNet.Service\KariyerNet.Business.csproj", "{223460B7-97E4-4BDC-81EB-A41A96F5DAD3}"
EndProject
Project("{FAE04EC0-301F-11D3-BF4B-00C04F79EFBC}") = "KariyerNet.Dto", "KariyerNet.Dto\KariyerNet.Dto.csproj", "{558F47E4-E10D-4EED-A739-1D0B728556DD}"
EndProject
Global
	GlobalSection(SolutionConfigurationPlatforms) = preSolution
		Debug|Any CPU = Debug|Any CPU
		Release|Any CPU = Release|Any CPU
	EndGlobalSection
	GlobalSection(ProjectConfigurationPlatforms) = postSolution
		{DE92487C-F5F2-4FA8-9000-E156AE879302}.Debug|Any CPU.ActiveCfg = Debug|Any CPU
		{DE92487C-F5F2-4FA8-9000-E156AE879302}.Debug|Any CPU.Build.0 = Debug|Any CPU
		{DE92487C-F5F2-4FA8-9000-E156AE879302}.Release|Any CPU.ActiveCfg = Release|Any CPU
		{DE92487C-F5F2-4FA8-9000-E156AE879302}.Release|Any CPU.Build.0 = Release|Any CPU
		{15027E0E-E250-483A-BE81-A6A8167DCA99}.Debug|Any CPU.ActiveCfg = Debug|Any CPU
		{15027E0E-E250-483A-BE81-A6A8167DCA99}.Debug|Any CPU.Build.0 = Debug|Any CPU
		{15027E0E-E250-483A-BE81-A6A8167DCA99}.Release|Any CPU.ActiveCfg = Release|Any CPU
		{15027E0E-E250-483A-BE81-A6A8167DCA99}.Release|Any CPU.Build.0 = Release|Any CPU
		{1BBFCAA1-1D07-4ED4-85A1-6A597724C5D0}.Debug|Any CPU.ActiveCfg = Debug|Any CPU
		{1BBFCAA1-1D07-4ED4-85A1-6A597724C5D0}.Debug|Any CPU.Build.0 = Debug|Any CPU
		{1BBFCAA1-1D07-4ED4-85A1-6A597724C5D0}.Release|Any CPU.ActiveCfg = Release|Any CPU
		{1BBFCAA1-1D07-4ED4-85A1-6A597724C5D0}.Release|Any CPU.Build.0 = Release|Any CPU
		{223460B7-97E4-4BDC-81EB-A41A96F5DAD3}.Debug|Any CPU.ActiveCfg = Debug|Any CPU
		{223460B7-97E4-4BDC-81EB-A41A96F5DAD3}.Debug|Any CPU.Build.0 = Debug|Any CPU
		{223460B7-97E4-4BDC-81EB-A41A96F5DAD3}.Release|Any CPU.ActiveCfg = Release|Any CPU
		{223460B7-97E4-4BDC-81EB-A41A96F5DAD3}.Release|Any CPU.Build.0 = Release|Any CPU
		{558F47E4-E10D-4EED-A739-1D0B728556DD}.Debug|Any CPU.ActiveCfg = Debug|Any CPU
		{558F47E4-E10D-4EED-A739-1D0B728556DD}.Debug|Any CPU.Build.0 = Debug|Any CPU
		{558F47E4-E10D-4EED-A739-1D0B728556DD}.Release|Any CPU.ActiveCfg = Release|Any CPU
		{558F47E4-E10D-4EED-A739-1D0B728556DD}.Release|Any CPU.Build.0 = Release|Any CPU
	EndGlobalSection
	GlobalSection(SolutionProperties) = preSolution
		HideSolutionNode = FALSE
	EndGlobalSection
	GlobalSection(ExtensibilityGlobals) = postSolution
		SolutionGuid = {878355F7-AA19-4DD6-8B75-68C305B7AA8D}
	EndGlobalSection
EndGlobal
